
Microsoft Visual Studio Solution File, Format Version 12.00
# Visual Studio Version 16
VisualStudioVersion = 16.0.29905.134
MinimumVisualStudioVersion = 10.0.40219.1
Project("{FAE04EC0-301F-11D3-BF4B-00C04F79EFBC}") = "WebApiEmptransporte", "WebApiEmptransporte.csproj", "{AD1C8230-91CF-4BFF-9689-1F5F549E8EF4}"
EndProject
Global
	GlobalSection(SolutionConfigurationPlatforms) = preSolution
		Debug|Any CPU = Debug|Any CPU
		Release|Any CPU = Release|Any CPU
	EndGlobalSection
	GlobalSection(ProjectConfigurationPlatforms) = postSolution
		{AD1C8230-91CF-4BFF-9689-1F5F549E8EF4}.Debug|Any CPU.ActiveCfg = Debug|Any CPU
		{AD1C8230-91CF-4BFF-9689-1F5F549E8EF4}.Debug|Any CPU.Build.0 = Debug|Any CPU
		{AD1C8230-91CF-4BFF-9689-1F5F549E8EF4}.Release|Any CPU.ActiveCfg = Release|Any CPU
		{AD1C8230-91CF-4BFF-9689-1F5F549E8EF4}.Release|Any CPU.Build.0 = Release|Any CPU
	EndGlobalSection
	GlobalSection(SolutionProperties) = preSolution
		HideSolutionNode = FALSE
	EndGlobalSection
	GlobalSection(ExtensibilityGlobals) = postSolution
		SolutionGuid = {B54BB996-9B3A-4340-A390-CCB5CFDD3280}
	EndGlobalSection
EndGlobal
